
Microsoft Visual Studio Solution File, Format Version 12.00
# Visual Studio Version 17
VisualStudioVersion = 17.14.36429.23 d17.14
MinimumVisualStudioVersion = 10.0.40219.1
Project("{FAE04EC0-301F-11D3-BF4B-00C04F79EFBC}") = "BlazorAp", "BlazorAp\BlazorAp.csproj", "{10650EE7-5A56-4D24-90B4-5CD7E6AB1503}"
EndProject
Global
	GlobalSection(SolutionConfigurationPlatforms) = preSolution
		Debug|Any CPU = Debug|Any CPU
		Release|Any CPU = Release|Any CPU
	EndGlobalSection
	GlobalSection(ProjectConfigurationPlatforms) = postSolution
		{10650EE7-5A56-4D24-90B4-5CD7E6AB1503}.Debug|Any CPU.ActiveCfg = Debug|Any CPU
		{10650EE7-5A56-4D24-90B4-5CD7E6AB1503}.Debug|Any CPU.Build.0 = Debug|Any CPU
		{10650EE7-5A56-4D24-90B4-5CD7E6AB1503}.Release|Any CPU.ActiveCfg = Release|Any CPU
		{10650EE7-5A56-4D24-90B4-5CD7E6AB1503}.Release|Any CPU.Build.0 = Release|Any CPU
	EndGlobalSection
	GlobalSection(SolutionProperties) = preSolution
		HideSolutionNode = FALSE
	EndGlobalSection
	GlobalSection(ExtensibilityGlobals) = postSolution
		SolutionGuid = {270E8C20-CC72-415F-BA52-A02951D02F83}
	EndGlobalSection
EndGlobal
